// !$*UTF8*$!
{
	archiveVersion = 1;
	classes = {
	};
	objectVersion = 56;
	objects = {

/* Begin PBXBuildFile section */
		005C70032AFA6A1D0048D55B /* README.md in Resources */ = {isa = PBXBuildFile; fileRef = 005C70022AFA6A1D0048D55B /* README.md */; };
		005C70062AFA6F340048D55B /* PickImage.gif in Resources */ = {isa = PBXBuildFile; fileRef = 005C70052AFA6F340048D55B /* PickImage.gif */; };
		008F688D2AFA3A76008FC9AF /* AppDelegate.swift in Sources */ = {isa = PBXBuildFile; fileRef = 008F688C2AFA3A76008FC9AF /* AppDelegate.swift */; };
		008F688F2AFA3A76008FC9AF /* SceneDelegate.swift in Sources */ = {isa = PBXBuildFile; fileRef = 008F688E2AFA3A76008FC9AF /* SceneDelegate.swift */; };
		008F68912AFA3A76008FC9AF /* ViewController.swift in Sources */ = {isa = PBXBuildFile; fileRef = 008F68902AFA3A76008FC9AF /* ViewController.swift */; };
		008F68942AFA3A76008FC9AF /* Main.storyboard in Resources */ = {isa = PBXBuildFile; fileRef = 008F68922AFA3A76008FC9AF /* Main.storyboard */; };
		008F68962AFA3A77008FC9AF /* Assets.xcassets in Resources */ = {isa = PBXBuildFile; fileRef = 008F68952AFA3A77008FC9AF /* Assets.xcassets */; };
		008F68992AFA3A77008FC9AF /* LaunchScreen.storyboard in Resources */ = {isa = PBXBuildFile; fileRef = 008F68972AFA3A77008FC9AF /* LaunchScreen.storyboard */; };
		008F68A12AFA3B53008FC9AF /* YZImagePicker.swift in Sources */ = {isa = PBXBuildFile; fileRef = 008F68A02AFA3B53008FC9AF /* YZImagePicker.swift */; };
/* End PBXBuildFile section */

/* Begin PBXFileReference section */
		005C70022AFA6A1D0048D55B /* README.md */ = {isa = PBXFileReference; lastKnownFileType = net.daringfireball.markdown; path = README.md; sourceTree = "<group>"; };
		005C70052AFA6F340048D55B /* PickImage.gif */ = {isa = PBXFileReference; lastKnownFileType = image.gif; path = PickImage.gif; sourceTree = "<group>"; };
		008F68892AFA3A76008FC9AF /* YZImagePicker.app */ = {isa = PBXFileReference; explicitFileType = wrapper.application; includeInIndex = 0; path = YZImagePicker.app; sourceTree = BUILT_PRODUCTS_DIR; };
		008F688C2AFA3A76008FC9AF /* AppDelegate.swift */ = {isa = PBXFileReference; lastKnownFileType = sourcecode.swift; path = AppDelegate.swift; sourceTree = "<group>"; };
		008F688E2AFA3A76008FC9AF /* SceneDelegate.swift */ = {isa = PBXFileReference; lastKnownFileType = sourcecode.swift; path = SceneDelegate.swift; sourceTree = "<group>"; };
		008F68902AFA3A76008FC9AF /* ViewController.swift */ = {isa = PBXFileReference; lastKnownFileType = sourcecode.swift; path = ViewController.swift; sourceTree = "<group>"; };
		008F68932AFA3A76008FC9AF /* Base */ = {isa = PBXFileReference; lastKnownFileType = file.storyboard; name = Base; path = Base.lproj/Main.storyboard; sourceTree = "<group>"; };
		008F68952AFA3A77008FC9AF /* Assets.xcassets */ = {isa = PBXFileReference; lastKnownFileType = folder.assetcatalog; path = Assets.xcassets; sourceTree = "<group>"; };
		008F68982AFA3A77008FC9AF /* Base */ = {isa = PBXFileReference; lastKnownFileType = file.storyboard; name = Base; path = Base.lproj/LaunchScreen.storyboard; sourceTree = "<group>"; };
		008F689A2AFA3A77008FC9AF /* Info.plist */ = {isa = PBXFileReference; lastKnownFileType = text.plist.xml; path = Info.plist; sourceTree = "<group>"; };
		008F68A02AFA3B53008FC9AF /* YZImagePicker.swift */ = {isa = PBXFileReference; fileEncoding = 4; lastKnownFileType = sourcecode.swift; path = YZImagePicker.swift; sourceTree = "<group>"; };
/* End PBXFileReference section */

/* Begin PBXFrameworksBuildPhase section */
		008F68862AFA3A76008FC9AF /* Frameworks */ = {
			isa = PBXFrameworksBuildPhase;
			buildActionMask = 2147483647;
			files = (
			);
			runOnlyForDeploymentPostprocessing = 0;
		};
/* End PBXFrameworksBuildPhase section */

/* Begin PBXGroup section */
		005C70042AFA6F1A0048D55B /* Resource */ = {
			isa = PBXGroup;
			children = (
				005C70052AFA6F340048D55B /* PickImage.gif */,
			);
			path = Resource;
			sourceTree = "<group>";
		};
		008F68802AFA3A76008FC9AF = {
			isa = PBXGroup;
			children = (
				005C70022AFA6A1D0048D55B /* README.md */,
				008F688B2AFA3A76008FC9AF /* YZImagePicker */,
				008F688A2AFA3A76008FC9AF /* Products */,
			);
			sourceTree = "<group>";
		};
		008F688A2AFA3A76008FC9AF /* Products */ = {
			isa = PBXGroup;
			children = (
				008F68892AFA3A76008FC9AF /* YZImagePicker.app */,
			);
			name = Products;
			sourceTree = "<group>";
		};
		008F688B2AFA3A76008FC9AF /* YZImagePicker */ = {
			isa = PBXGroup;
			children = (
				008F688C2AFA3A76008FC9AF /* AppDelegate.swift */,
				008F688E2AFA3A76008FC9AF /* SceneDelegate.swift */,
				008F68902AFA3A76008FC9AF /* ViewController.swift */,
				008F68A02AFA3B53008FC9AF /* YZImagePicker.swift */,
				008F68922AFA3A76008FC9AF /* Main.storyboard */,
				008F68952AFA3A77008FC9AF /* Assets.xcassets */,
				008F68972AFA3A77008FC9AF /* LaunchScreen.storyboard */,
				008F689A2AFA3A77008FC9AF /* Info.plist */,
				005C70042AFA6F1A0048D55B /* Resource */,
			);
			path = YZImagePicker;
			sourceTree = "<group>";
		};
/* End PBXGroup section */

/* Begin PBXNativeTarget section */
		008F68882AFA3A76008FC9AF /* YZImagePicker */ = {
			isa = PBXNativeTarget;
			buildConfigurationList = 008F689D2AFA3A77008FC9AF /* Build configuration list for PBXNativeTarget "YZImagePicker" */;
			buildPhases = (
				008F68852AFA3A76008FC9AF /* Sources */,
				008F68862AFA3A76008FC9AF /* Frameworks */,
				008F68872AFA3A76008FC9AF /* Resources */,
			);
			buildRules = (
			);
			dependencies = (
			);
			name = YZImagePicker;
			productName = YZImagePicker;
			productReference = 008F68892AFA3A76008FC9AF /* YZImagePicker.app */;
			productType = "com.apple.product-type.application";
		};
/* End PBXNativeTarget section */

/* Begin PBXProject section */
		008F68812AFA3A76008FC9AF /* Project object */ = {
			isa = PBXProject;
			attributes = {
				BuildIndependentTargetsInParallel = 1;
				LastSwiftUpdateCheck = 1500;
				LastUpgradeCheck = 1500;
				TargetAttributes = {
					008F68882AFA3A76008FC9AF = {
						CreatedOnToolsVersion = 15.0;
					};
				};
			};
			buildConfigurationList = 008F68842AFA3A76008FC9AF /* Build configuration list for PBXProject "YZImagePicker" */;
			compatibilityVersion = "Xcode 14.0";
			developmentRegion = en;
			hasScannedForEncodings = 0;
			knownRegions = (
				en,
				Base,
			);
			mainGroup = 008F68802AFA3A76008FC9AF;
			productRefGroup = 008F688A2AFA3A76008FC9AF /* Products */;
			projectDirPath = "";
			projectRoot = "";
			targets = (
				008F68882AFA3A76008FC9AF /* YZImagePicker */,
			);
		};
/* End PBXProject section */

/* Begin PBXResourcesBuildPhase section */
		008F68872AFA3A76008FC9AF /* Resources */ = {
			isa = PBXResourcesBuildPhase;
			buildActionMask = 2147483647;
			files = (
				008F68992AFA3A77008FC9AF /* LaunchScreen.storyboard in Resources */,
				008F68962AFA3A77008FC9AF /* Assets.xcassets in Resources */,
				005C70062AFA6F340048D55B /* PickImage.gif in Resources */,
				005C70032AFA6A1D0048D55B /* README.md in Resources */,
				008F68942AFA3A76008FC9AF /* Main.storyboard in Resources */,
			);
			runOnlyForDeploymentPostprocessing = 0;
		};
/* End PBXResourcesBuildPhase section */

/* Begin PBXSourcesBuildPhase section */
		008F68852AFA3A76008FC9AF /* Sources */ = {
			isa = PBXSourcesBuildPhase;
			buildActionMask = 2147483647;
			files = (
				008F68912AFA3A76008FC9AF /* ViewController.swift in Sources */,
				008F688D2AFA3A76008FC9AF /* AppDelegate.swift in Sources */,
				008F68A12AFA3B53008FC9AF /* YZImagePicker.swift in Sources */,
				008F688F2AFA3A76008FC9AF /* SceneDelegate.swift in Sources */,
			);
			runOnlyForDeploymentPostprocessing = 0;
		};
/* End PBXSourcesBuildPhase section */

/* Begin PBXVariantGroup section */
		008F68922AFA3A76008FC9AF /* Main.storyboard */ = {
			isa = PBXVariantGroup;
			children = (
				008F68932AFA3A76008FC9AF /* Base */,
			);
			name = Main.storyboard;
			sourceTree = "<group>";
		};
		008F68972AFA3A77008FC9AF /* LaunchScreen.storyboard */ = {
			isa = PBXVariantGroup;
			children = (
				008F68982AFA3A77008FC9AF /* Base */,
			);
			name = LaunchScreen.storyboard;
			sourceTree = "<group>";
		};
/* End PBXVariantGroup section */

/* Begin XCBuildConfiguration section */
		008F689B2AFA3A77008FC9AF /* Debug */ = {
			isa = XCBuildConfiguration;
			buildSettings = {
				ALWAYS_SEARCH_USER_PATHS = NO;
				ASSETCATALOG_COMPILER_GENERATE_SWIFT_ASSET_SYMBOL_EXTENSIONS = YES;
				CLANG_ANALYZER_NONNULL = YES;
				CLANG_ANALYZER_NUMBER_OBJECT_CONVERSION = YES_AGGRESSIVE;
				CLANG_CXX_LANGUAGE_STANDARD = "gnu++20";
				CLANG_ENABLE_MODULES = YES;
				CLANG_ENABLE_OBJC_ARC = YES;
				CLANG_ENABLE_OBJC_WEAK = YES;
				CLANG_WARN_BLOCK_CAPTURE_AUTORELEASING = YES;
				CLANG_WARN_BOOL_CONVERSION = YES;
				CLANG_WARN_COMMA = YES;
				CLANG_WARN_CONSTANT_CONVERSION = YES;
				CLANG_WARN_DEPRECATED_OBJC_IMPLEMENTATIONS = YES;
				CLANG_WARN_DIRECT_OBJC_ISA_USAGE = YES_ERROR;
				CLANG_WARN_DOCUMENTATION_COMMENTS = YES;
				CLANG_WARN_EMPTY_BODY = YES;
				CLANG_WARN_ENUM_CONVERSION = YES;
				CLANG_WARN_INFINITE_RECURSION = YES;
				CLANG_WARN_INT_CONVERSION = YES;
				CLANG_WARN_NON_LITERAL_NULL_CONVERSION = YES;
				CLANG_WARN_OBJC_IMPLICIT_RETAIN_SELF = YES;
				CLANG_WARN_OBJC_LITERAL_CONVERSION = YES;
				CLANG_WARN_OBJC_ROOT_CLASS = YES_ERROR;
				CLANG_WARN_QUOTED_INCLUDE_IN_FRAMEWORK_HEADER = YES;
				CLANG_WARN_RANGE_LOOP_ANALYSIS = YES;
				CLANG_WARN_STRICT_PROTOTYPES = YES;
				CLANG_WARN_SUSPICIOUS_MOVE = YES;
				CLANG_WARN_UNGUARDED_AVAILABILITY = YES_AGGRESSIVE;
				CLANG_WARN_UNREACHABLE_CODE = YES;
				CLANG_WARN__DUPLICATE_METHOD_MATCH = YES;
				COPY_PHASE_STRIP = NO;
				DEBUG_INFORMATION_FORMAT = dwarf;
				ENABLE_STRICT_OBJC_MSGSEND = YES;
				ENABLE_TESTABILITY = YES;
				ENABLE_USER_SCRIPT_SANDBOXING = YES;
				GCC_C_LANGUAGE_STANDARD = gnu17;
				GCC_DYNAMIC_NO_PIC = NO;
				GCC_NO_COMMON_BLOCKS = YES;
				GCC_OPTIMIZATION_LEVEL = 0;
				GCC_PREPROCESSOR_DEFINITIONS = (
					"DEBUG=1",
					"$(inherited)",
				);
				GCC_WARN_64_TO_32_BIT_CONVERSION = YES;
				GCC_WARN_ABOUT_RETURN_TYPE = YES_ERROR;
				GCC_WARN_UNDECLARED_SELECTOR = YES;
				GCC_WARN_UNINITIALIZED_AUTOS = YES_AGGRESSIVE;
				GCC_WARN_UNUSED_FUNCTION = YES;
				GCC_WARN_UNUSED_VARIABLE = YES;
				IPHONEOS_DEPLOYMENT_TARGET = 17.0;
				LOCALIZATION_PREFERS_STRING_CATALOGS = YES;
				MTL_ENABLE_DEBUG_INFO = INCLUDE_SOURCE;
				MTL_FAST_MATH = YES;
				ONLY_ACTIVE_ARCH = YES;
				SDKROOT = iphoneos;
				SWIFT_ACTIVE_COMPILATION_CONDITIONS = "DEBUG $(inherited)";
				SWIFT_OPTIMIZATION_LEVEL = "-Onone";
			};
			name = Debug;
		};
		008F689C2AFA3A77008FC9AF /* Release */ = {
			isa = XCBuildConfiguration;
			buildSettings = {
				ALWAYS_SEARCH_USER_PATHS = NO;
				ASSETCATALOG_COMPILER_GENERATE_SWIFT_ASSET_SYMBOL_EXTENSIONS = YES;
				CLANG_ANALYZER_NONNULL = YES;
				CLANG_ANALYZER_NUMBER_OBJECT_CONVERSION = YES_AGGRESSIVE;
				CLANG_CXX_LANGUAGE_STANDARD = "gnu++20";
				CLANG_ENABLE_MODULES = YES;
				CLANG_ENABLE_OBJC_ARC = YES;
				CLANG_ENABLE_OBJC_WEAK = YES;
				CLANG_WARN_BLOCK_CAPTURE_AUTORELEASING = YES;
				CLANG_WARN_BOOL_CONVERSION = YES;
				CLANG_WARN_COMMA = YES;
				CLANG_WARN_CONSTANT_CONVERSION = YES;
				CLANG_WARN_DEPRECATED_OBJC_IMPLEMENTATIONS = YES;
				CLANG_WARN_DIRECT_OBJC_ISA_USAGE = YES_ERROR;
				CLANG_WARN_DOCUMENTATION_COMMENTS = YES;
				CLANG_WARN_EMPTY_BODY = YES;
				CLANG_WARN_ENUM_CONVERSION = YES;
				CLANG_WARN_INFINITE_RECURSION = YES;
				CLANG_WARN_INT_CONVERSION = YES;
				CLANG_WARN_NON_LITERAL_NULL_CONVERSION = YES;
				CLANG_WARN_OBJC_IMPLICIT_RETAIN_SELF = YES;
				CLANG_WARN_OBJC_LITERAL_CONVERSION = YES;
				CLANG_WARN_OBJC_ROOT_CLASS = YES_ERROR;
				CLANG_WARN_QUOTED_INCLUDE_IN_FRAMEWORK_HEADER = YES;
				CLANG_WARN_RANGE_LOOP_ANALYSIS = YES;
				CLANG_WARN_STRICT_PROTOTYPES = YES;
				CLANG_WARN_SUSPICIOUS_MOVE = YES;
				CLANG_WARN_UNGUARDED_AVAILABILITY = YES_AGGRESSIVE;
				CLANG_WARN_UNREACHABLE_CODE = YES;
				CLANG_WARN__DUPLICATE_METHOD_MATCH = YES;
				COPY_PHASE_STRIP = NO;
				DEBUG_INFORMATION_FORMAT = "dwarf-with-dsym";
				ENABLE_NS_ASSERTIONS = NO;
				ENABLE_STRICT_OBJC_MSGSEND = YES;
				ENABLE_USER_SCRIPT_SANDBOXING = YES;
				GCC_C_LANGUAGE_STANDARD = gnu17;
				GCC_NO_COMMON_BLOCKS = YES;
				GCC_WARN_64_TO_32_BIT_CONVERSION = YES;
				GCC_WARN_ABOUT_RETURN_TYPE = YES_ERROR;
				GCC_WARN_UNDECLARED_SELECTOR = YES;
				GCC_WARN_UNINITIALIZED_AUTOS = YES_AGGRESSIVE;
				GCC_WARN_UNUSED_FUNCTION = YES;
				GCC_WARN_UNUSED_VARIABLE = YES;
				IPHONEOS_DEPLOYMENT_TARGET = 17.0;
				LOCALIZATION_PREFERS_STRING_CATALOGS = YES;
				MTL_ENABLE_DEBUG_INFO = NO;
				MTL_FAST_MATH = YES;
				SDKROOT = iphoneos;
				SWIFT_COMPILATION_MODE = wholemodule;
				VALIDATE_PRODUCT = YES;
			};
			name = Release;
		};
		008F689E2AFA3A77008FC9AF /* Debug */ = {
			isa = XCBuildConfiguration;
			buildSettings = {
				ASSETCATALOG_COMPILER_APPICON_NAME = AppIcon;
				ASSETCATALOG_COMPILER_GLOBAL_ACCENT_COLOR_NAME = AccentColor;
				CODE_SIGN_STYLE = Automatic;
				CURRENT_PROJECT_VERSION = 1;
				GENERATE_INFOPLIST_FILE = YES;
				INFOPLIST_FILE = YZImagePicker/Info.plist;
				INFOPLIST_KEY_UIApplicationSupportsIndirectInputEvents = YES;
				INFOPLIST_KEY_UILaunchStoryboardName = LaunchScreen;
				INFOPLIST_KEY_UIMainStoryboardFile = Main;
				INFOPLIST_KEY_UISupportedInterfaceOrientations_iPad = "UIInterfaceOrientationPortrait UIInterfaceOrientationPortraitUpsideDown UIInterfaceOrientationLandscapeLeft UIInterfaceOrientationLandscapeRight";
				INFOPLIST_KEY_UISupportedInterfaceOrientations_iPhone = "UIInterfaceOrientationPortrait UIInterfaceOrientationLandscapeLeft UIInterfaceOrientationLandscapeRight";
				LD_RUNPATH_SEARCH_PATHS = (
					"$(inherited)",
					"@executable_path/Frameworks",
				);
				MARKETING_VERSION = 1.0;
				PRODUCT_BUNDLE_IDENTIFIER = com.swift.practice.YZImagePicker;
				PRODUCT_NAME = "$(TARGET_NAME)";
				SWIFT_EMIT_LOC_STRINGS = YES;
				SWIFT_VERSION = 5.0;
				TARGETED_DEVICE_FAMILY = "1,2";
			};
			name = Debug;
		};
		008F689F2AFA3A77008FC9AF /* Release */ = {
			isa = XCBuildConfiguration;
			buildSettings = {
				ASSETCATALOG_COMPILER_APPICON_NAME = AppIcon;
				ASSETCATALOG_COMPILER_GLOBAL_ACCENT_COLOR_NAME = AccentColor;
				CODE_SIGN_STYLE = Automatic;
				CURRENT_PROJECT_VERSION = 1;
				GENERATE_INFOPLIST_FILE = YES;
				INFOPLIST_FILE = YZImagePicker/Info.plist;
				INFOPLIST_KEY_UIApplicationSupportsIndirectInputEvents = YES;
				INFOPLIST_KEY_UILaunchStoryboardName = LaunchScreen;
				INFOPLIST_KEY_UIMainStoryboardFile = Main;
				INFOPLIST_KEY_UISupportedInterfaceOrientations_iPad = "UIInterfaceOrientationPortrait UIInterfaceOrientationPortraitUpsideDown UIInterfaceOrientationLandscapeLeft UIInterfaceOrientationLandscapeRight";
				INFOPLIST_KEY_UISupportedInterfaceOrientations_iPhone = "UIInterfaceOrientationPortrait UIInterfaceOrientationLandscapeLeft UIInterfaceOrientationLandscapeRight";
				LD_RUNPATH_SEARCH_PATHS = (
					"$(inherited)",
					"@executable_path/Frameworks",
				);
				MARKETING_VERSION = 1.0;
				PRODUCT_BUNDLE_IDENTIFIER = com.swift.practice.YZImagePicker;
				PRODUCT_NAME = "$(TARGET_NAME)";
				SWIFT_EMIT_LOC_STRINGS = YES;
				SWIFT_VERSION = 5.0;
				TARGETED_DEVICE_FAMILY = "1,2";
			};
			name = Release;
		};
/* End XCBuildConfiguration section */

/* Begin XCConfigurationList section */
		008F68842AFA3A76008FC9AF /* Build configuration list for PBXProject "YZImagePicker" */ = {
			isa = XCConfigurationList;
			buildConfigurations = (
				008F689B2AFA3A77008FC9AF /* Debug */,
				008F689C2AFA3A77008FC9AF /* Release */,
			);
			defaultConfigurationIsVisible = 0;
			defaultConfigurationName = Release;
		};
		008F689D2AFA3A77008FC9AF /* Build configuration list for PBXNativeTarget "YZImagePicker" */ = {
			isa = XCConfigurationList;
			buildConfigurations = (
				008F689E2AFA3A77008FC9AF /* Debug */,
				008F689F2AFA3A77008FC9AF /* Release */,
			);
			defaultConfigurationIsVisible = 0;
			defaultConfigurationName = Release;
		};
/* End XCConfigurationList section */
	};
	rootObject = 008F68812AFA3A76008FC9AF /* Project object */;
}
